
Microsoft Visual Studio Solution File, Format Version 12.00
# Visual Studio 14
VisualStudioVersion = 14.0.25420.1
MinimumVisualStudioVersion = 10.0.40219.1
Project("{FAE04EC0-301F-11D3-BF4B-00C04F79EFBC}") = "Game2", "Game2\Game2.csproj", "{C5991797-D589-4640-BEBD-EEC30B65FC4A}"
EndProject
Project("{FAE04EC0-301F-11D3-BF4B-00C04F79EFBC}") = "Game2.Tests", "Game2.Tests\Game2.Tests.csproj", "{4FC1479A-BBB9-426D-9B97-F6BC2D1A5190}"
EndProject
Global
	GlobalSection(SolutionConfigurationPlatforms) = preSolution
		Debug|Any CPU = Debug|Any CPU
		Release|Any CPU = Release|Any CPU
	EndGlobalSection
	GlobalSection(ProjectConfigurationPlatforms) = postSolution
		{C5991797-D589-4640-BEBD-EEC30B65FC4A}.Debug|Any CPU.ActiveCfg = Debug|Any CPU
		{C5991797-D589-4640-BEBD-EEC30B65FC4A}.Debug|Any CPU.Build.0 = Debug|Any CPU
		{C5991797-D589-4640-BEBD-EEC30B65FC4A}.Release|Any CPU.ActiveCfg = Release|Any CPU
		{C5991797-D589-4640-BEBD-EEC30B65FC4A}.Release|Any CPU.Build.0 = Release|Any CPU
		{4FC1479A-BBB9-426D-9B97-F6BC2D1A5190}.Debug|Any CPU.ActiveCfg = Debug|Any CPU
		{4FC1479A-BBB9-426D-9B97-F6BC2D1A5190}.Debug|Any CPU.Build.0 = Debug|Any CPU
		{4FC1479A-BBB9-426D-9B97-F6BC2D1A5190}.Release|Any CPU.ActiveCfg = Release|Any CPU
		{4FC1479A-BBB9-426D-9B97-F6BC2D1A5190}.Release|Any CPU.Build.0 = Release|Any CPU
	EndGlobalSection
	GlobalSection(SolutionProperties) = preSolution
		HideSolutionNode = FALSE
	EndGlobalSection
EndGlobal
